// !$*UTF8*$!
{
	archiveVersion = 1;
	classes = {
	};
	objectVersion = 55;
	objects = {

/* Begin PBXBuildFile section */
		11F81F05680C42A357CA9294 /* TuistBundle+RignalApp.swift in Sources */ = {isa = PBXBuildFile; fileRef = D89270EC680F1A47ACCE6275 /* TuistBundle+RignalApp.swift */; };
		BE8E8B0B13F8EEB252F7FBC1 /* TuistAssets+RignalApp.swift in Sources */ = {isa = PBXBuildFile; fileRef = 4D2616639BD644B833A29F4C /* TuistAssets+RignalApp.swift */; };
/* End PBXBuildFile section */

/* Begin PBXContainerItemProxy section */
		BDF061D610E23A5E4C6E29CC /* PBXContainerItemProxy */ = {
			isa = PBXContainerItemProxy;
			containerPortal = 0BB6A799BC392819F98516A3 /* Project object */;
			proxyType = 1;
			remoteGlobalIDString = 56D5FA579616DD29B110C2AF;
			remoteInfo = RignalApp;
		};
/* End PBXContainerItemProxy section */

/* Begin PBXCopyFilesBuildPhase section */
		065C9859EE2FB53F84457D3D /* Embed Frameworks */ = {
			isa = PBXCopyFilesBuildPhase;
			buildActionMask = 2147483647;
			dstPath = "";
			dstSubfolderSpec = 10;
			files = (
			);
			name = "Embed Frameworks";
			runOnlyForDeploymentPostprocessing = 0;
		};
		3C17C842F3E9B00BAEF230D5 /* Embed Frameworks */ = {
			isa = PBXCopyFilesBuildPhase;
			buildActionMask = 2147483647;
			dstPath = "";
			dstSubfolderSpec = 10;
			files = (
			);
			name = "Embed Frameworks";
			runOnlyForDeploymentPostprocessing = 0;
		};
/* End PBXCopyFilesBuildPhase section */

/* Begin PBXFileReference section */
		167197BAF47A0D114403DEDA /* RignalAppTests.xctest */ = {isa = PBXFileReference; explicitFileType = wrapper.cfbundle; includeInIndex = 0; path = RignalAppTests.xctest; sourceTree = BUILT_PRODUCTS_DIR; };
		4D2616639BD644B833A29F4C /* TuistAssets+RignalApp.swift */ = {isa = PBXFileReference; lastKnownFileType = sourcecode.swift; path = "TuistAssets+RignalApp.swift"; sourceTree = "<group>"; };
		4ED1E70CF3B3D24865BB7C9B /* RignalAppTests-Info.plist */ = {isa = PBXFileReference; lastKnownFileType = text.plist; path = "RignalAppTests-Info.plist"; sourceTree = "<group>"; };
		6261DCFCFC4FAA9F236237FE /* RignalApp-Info.plist */ = {isa = PBXFileReference; lastKnownFileType = text.plist; path = "RignalApp-Info.plist"; sourceTree = "<group>"; };
		D89270EC680F1A47ACCE6275 /* TuistBundle+RignalApp.swift */ = {isa = PBXFileReference; lastKnownFileType = sourcecode.swift; path = "TuistBundle+RignalApp.swift"; sourceTree = "<group>"; };
		FADD30E2A69E53B36C3FCA08 /* RignalApp.app */ = {isa = PBXFileReference; explicitFileType = wrapper.application; includeInIndex = 0; path = RignalApp.app; sourceTree = BUILT_PRODUCTS_DIR; };
/* End PBXFileReference section */

/* Begin PBXFileSystemSynchronizedRootGroup section */
		1FD5F40DC1FFEDA97F639ED0 /* Tests */ = {
			isa = PBXFileSystemSynchronizedRootGroup;
			explicitFileTypes = {
			};
			explicitFolders = (
			);
			path = Tests;
			sourceTree = "<group>";
		};
		4FD735E99BD9300137452894 /* Sources */ = {
			isa = PBXFileSystemSynchronizedRootGroup;
			explicitFileTypes = {
			};
			explicitFolders = (
			);
			path = Sources;
			sourceTree = "<group>";
		};
		974D7375DE60AEA10668977C /* Resources */ = {
			isa = PBXFileSystemSynchronizedRootGroup;
			explicitFileTypes = {
			};
			explicitFolders = (
			);
			path = Resources;
			sourceTree = "<group>";
		};
/* End PBXFileSystemSynchronizedRootGroup section */

/* Begin PBXFrameworksBuildPhase section */
		17D894BB4D36820A82D92902 /* Frameworks */ = {
			isa = PBXFrameworksBuildPhase;
			buildActionMask = 2147483647;
			files = (
			);
			runOnlyForDeploymentPostprocessing = 0;
		};
		C38EF7B483C36DB9379F6CAA /* Frameworks */ = {
			isa = PBXFrameworksBuildPhase;
			buildActionMask = 2147483647;
			files = (
			);
			runOnlyForDeploymentPostprocessing = 0;
		};
/* End PBXFrameworksBuildPhase section */

/* Begin PBXGroup section */
		00BC8F3A92CEEF2C4A6F9A66 = {
			isa = PBXGroup;
			children = (
				035DC08C850A0F8AAA08FBC4 /* Products */,
				D06FCBB5B26B193E9BC6FAAF /* Project */,
			);
			sourceTree = "<group>";
		};
		035DC08C850A0F8AAA08FBC4 /* Products */ = {
			isa = PBXGroup;
			children = (
				FADD30E2A69E53B36C3FCA08 /* RignalApp.app */,
				167197BAF47A0D114403DEDA /* RignalAppTests.xctest */,
			);
			name = Products;
			sourceTree = "<group>";
		};
		0D47EE663FCCC0D4ADC27364 /* InfoPlists */ = {
			isa = PBXGroup;
			children = (
				6261DCFCFC4FAA9F236237FE /* RignalApp-Info.plist */,
				4ED1E70CF3B3D24865BB7C9B /* RignalAppTests-Info.plist */,
			);
			path = InfoPlists;
			sourceTree = "<group>";
		};
		C2D65D81F578F6AF9DB950F5 /* Sources */ = {
			isa = PBXGroup;
			children = (
				4D2616639BD644B833A29F4C /* TuistAssets+RignalApp.swift */,
				D89270EC680F1A47ACCE6275 /* TuistBundle+RignalApp.swift */,
			);
			path = Sources;
			sourceTree = "<group>";
		};
		D06FCBB5B26B193E9BC6FAAF /* Project */ = {
			isa = PBXGroup;
			children = (
				E9F2A131E7E2F56893B84479 /* Derived */,
				F60CA708D187171DDBFD1FCA /* RignalApp */,
			);
			name = Project;
			sourceTree = "<group>";
		};
		E9F2A131E7E2F56893B84479 /* Derived */ = {
			isa = PBXGroup;
			children = (
				0D47EE663FCCC0D4ADC27364 /* InfoPlists */,
				C2D65D81F578F6AF9DB950F5 /* Sources */,
			);
			path = Derived;
			sourceTree = "<group>";
		};
		F60CA708D187171DDBFD1FCA /* RignalApp */ = {
			isa = PBXGroup;
			children = (
				974D7375DE60AEA10668977C /* Resources */,
				4FD735E99BD9300137452894 /* Sources */,
				1FD5F40DC1FFEDA97F639ED0 /* Tests */,
			);
			path = RignalApp;
			sourceTree = "<group>";
		};
/* End PBXGroup section */

/* Begin PBXNativeTarget section */
		1F8DEFEB14E7A5BDB5E61CC1 /* RignalAppTests */ = {
			isa = PBXNativeTarget;
			buildConfigurationList = 61BD90D06C014F32C1606205 /* Build configuration list for PBXNativeTarget "RignalAppTests" */;
			buildPhases = (
				775479D6ABBE5E66B61FEDE8 /* Sources */,
				4B6CBEC5E70F142443312E61 /* Resources */,
				17D894BB4D36820A82D92902 /* Frameworks */,
				065C9859EE2FB53F84457D3D /* Embed Frameworks */,
			);
			buildRules = (
			);
			dependencies = (
				D52D14D3A9EFEFB47B8F7FA2 /* PBXTargetDependency */,
			);
			fileSystemSynchronizedGroups = (
				1FD5F40DC1FFEDA97F639ED0 /* Tests */,
			);
			name = RignalAppTests;
			packageProductDependencies = (
			);
			productName = RignalAppTests;
			productReference = 167197BAF47A0D114403DEDA /* RignalAppTests.xctest */;
			productType = "com.apple.product-type.bundle.unit-test";
		};
		56D5FA579616DD29B110C2AF /* RignalApp */ = {
			isa = PBXNativeTarget;
			buildConfigurationList = 076A5A33F8BB59A105190515 /* Build configuration list for PBXNativeTarget "RignalApp" */;
			buildPhases = (
				99004C8C3ADF7316FB43C6B5 /* Sources */,
				200E48C433048B02E165BA98 /* Resources */,
				C38EF7B483C36DB9379F6CAA /* Frameworks */,
				3C17C842F3E9B00BAEF230D5 /* Embed Frameworks */,
			);
			buildRules = (
			);
			dependencies = (
			);
			fileSystemSynchronizedGroups = (
				4FD735E99BD9300137452894 /* Sources */,
				974D7375DE60AEA10668977C /* Resources */,
			);
			name = RignalApp;
			packageProductDependencies = (
			);
			productName = RignalApp;
			productReference = FADD30E2A69E53B36C3FCA08 /* RignalApp.app */;
			productType = "com.apple.product-type.application";
		};
/* End PBXNativeTarget section */

/* Begin PBXProject section */
		0BB6A799BC392819F98516A3 /* Project object */ = {
			isa = PBXProject;
			attributes = {
				BuildIndependentTargetsInParallel = YES;
				TargetAttributes = {
					1F8DEFEB14E7A5BDB5E61CC1 = {
						TestTargetID = 56D5FA579616DD29B110C2AF;
					};
				};
			};
			buildConfigurationList = 1703D434B8461E41ACB589E9 /* Build configuration list for PBXProject "RignalApp" */;
			compatibilityVersion = "Xcode 14.0";
			developmentRegion = en;
			hasScannedForEncodings = 0;
			knownRegions = (
				Base,
				en,
			);
			mainGroup = 00BC8F3A92CEEF2C4A6F9A66;
			productRefGroup = 035DC08C850A0F8AAA08FBC4 /* Products */;
			projectDirPath = "";
			projectRoot = "";
			targets = (
				56D5FA579616DD29B110C2AF /* RignalApp */,
				1F8DEFEB14E7A5BDB5E61CC1 /* RignalAppTests */,
			);
		};
/* End PBXProject section */

/* Begin PBXResourcesBuildPhase section */
		200E48C433048B02E165BA98 /* Resources */ = {
			isa = PBXResourcesBuildPhase;
			buildActionMask = 2147483647;
			files = (
			);
			runOnlyForDeploymentPostprocessing = 0;
		};
		4B6CBEC5E70F142443312E61 /* Resources */ = {
			isa = PBXResourcesBuildPhase;
			buildActionMask = 2147483647;
			files = (
			);
			runOnlyForDeploymentPostprocessing = 0;
		};
/* End PBXResourcesBuildPhase section */

/* Begin PBXSourcesBuildPhase section */
		775479D6ABBE5E66B61FEDE8 /* Sources */ = {
			isa = PBXSourcesBuildPhase;
			buildActionMask = 2147483647;
			files = (
			);
			runOnlyForDeploymentPostprocessing = 0;
		};
		99004C8C3ADF7316FB43C6B5 /* Sources */ = {
			isa = PBXSourcesBuildPhase;
			buildActionMask = 2147483647;
			files = (
				BE8E8B0B13F8EEB252F7FBC1 /* TuistAssets+RignalApp.swift in Sources */,
				11F81F05680C42A357CA9294 /* TuistBundle+RignalApp.swift in Sources */,
			);
			runOnlyForDeploymentPostprocessing = 0;
		};
/* End PBXSourcesBuildPhase section */

/* Begin PBXTargetDependency section */
		D52D14D3A9EFEFB47B8F7FA2 /* PBXTargetDependency */ = {
			isa = PBXTargetDependency;
			name = RignalApp;
			target = 56D5FA579616DD29B110C2AF /* RignalApp */;
			targetProxy = BDF061D610E23A5E4C6E29CC /* PBXContainerItemProxy */;
		};
/* End PBXTargetDependency section */

/* Begin XCBuildConfiguration section */
		47DDED9B1EEEFE4B02239F82 /* Release */ = {
			isa = XCBuildConfiguration;
			buildSettings = {
				ALWAYS_SEARCH_USER_PATHS = NO;
				CLANG_ANALYZER_LOCALIZABILITY_NONLOCALIZED = YES;
				CLANG_ANALYZER_NONNULL = YES;
				CLANG_ANALYZER_NUMBER_OBJECT_CONVERSION = YES_AGGRESSIVE;
				CLANG_CXX_LANGUAGE_STANDARD = "gnu++14";
				CLANG_CXX_LIBRARY = "libc++";
				CLANG_ENABLE_MODULES = YES;
				CLANG_ENABLE_OBJC_ARC = YES;
				CLANG_ENABLE_OBJC_WEAK = YES;
				CLANG_WARN_BLOCK_CAPTURE_AUTORELEASING = YES;
				CLANG_WARN_BOOL_CONVERSION = YES;
				CLANG_WARN_COMMA = YES;
				CLANG_WARN_CONSTANT_CONVERSION = YES;
				CLANG_WARN_DEPRECATED_OBJC_IMPLEMENTATIONS = YES;
				CLANG_WARN_DIRECT_OBJC_ISA_USAGE = YES_ERROR;
				CLANG_WARN_DOCUMENTATION_COMMENTS = YES;
				CLANG_WARN_EMPTY_BODY = YES;
				CLANG_WARN_ENUM_CONVERSION = YES;
				CLANG_WARN_INFINITE_RECURSION = YES;
				CLANG_WARN_INT_CONVERSION = YES;
				CLANG_WARN_NON_LITERAL_NULL_CONVERSION = YES;
				CLANG_WARN_OBJC_IMPLICIT_RETAIN_SELF = YES;
				CLANG_WARN_OBJC_LITERAL_CONVERSION = YES;
				CLANG_WARN_OBJC_ROOT_CLASS = YES_ERROR;
				CLANG_WARN_QUOTED_INCLUDE_IN_FRAMEWORK_HEADER = YES;
				CLANG_WARN_RANGE_LOOP_ANALYSIS = YES;
				CLANG_WARN_STRICT_PROTOTYPES = YES;
				CLANG_WARN_SUSPICIOUS_MOVE = YES;
				CLANG_WARN_UNGUARDED_AVAILABILITY = YES_AGGRESSIVE;
				CLANG_WARN_UNREACHABLE_CODE = YES;
				CLANG_WARN__DUPLICATE_METHOD_MATCH = YES;
				COPY_PHASE_STRIP = NO;
				DEAD_CODE_STRIPPING = YES;
				DEBUG_INFORMATION_FORMAT = "dwarf-with-dsym";
				ENABLE_NS_ASSERTIONS = NO;
				ENABLE_STRICT_OBJC_MSGSEND = YES;
				GCC_C_LANGUAGE_STANDARD = gnu11;
				GCC_NO_COMMON_BLOCKS = YES;
				GCC_WARN_64_TO_32_BIT_CONVERSION = YES;
				GCC_WARN_ABOUT_RETURN_TYPE = YES_ERROR;
				GCC_WARN_UNDECLARED_SELECTOR = YES;
				GCC_WARN_UNINITIALIZED_AUTOS = YES_AGGRESSIVE;
				GCC_WARN_UNUSED_FUNCTION = YES;
				GCC_WARN_UNUSED_VARIABLE = YES;
				MTL_ENABLE_DEBUG_INFO = NO;
				PRODUCT_NAME = "$(TARGET_NAME)";
				VALIDATE_PRODUCT = YES;
			};
			name = Release;
		};
		7E9001CFD2531E41187001A5 /* Release */ = {
			isa = XCBuildConfiguration;
			buildSettings = {
				BUNDLE_LOADER = "$(TEST_HOST)";
				CODE_SIGN_IDENTITY = "iPhone Developer";
				INFOPLIST_FILE = "Derived/InfoPlists/RignalAppTests-Info.plist";
				LD_RUNPATH_SEARCH_PATHS = (
					"$(inherited)",
					"@executable_path/Frameworks",
					"@loader_path/Frameworks",
				);
				OTHER_LDFLAGS = (
					"$(inherited)",
					"-L$(DT_TOOLCHAIN_DIR)/usr/lib/swift/$(PLATFORM_NAME)",
				);
				PRODUCT_BUNDLE_IDENTIFIER = dev.tuist.RignalAppTests;
				PRODUCT_NAME = RignalAppTests;
				SDKROOT = iphoneos;
				SUPPORTS_MACCATALYST = NO;
				SUPPORTS_MAC_DESIGNED_FOR_IPHONE_IPAD = YES;
				SUPPORTS_XR_DESIGNED_FOR_IPHONE_IPAD = NO;
				SWIFT_COMPILATION_MODE = wholemodule;
				SWIFT_OPTIMIZATION_LEVEL = "-O";
				SWIFT_VERSION = 5;
				TARGETED_DEVICE_FAMILY = "1,2";
				TEST_HOST = "$(BUILT_PRODUCTS_DIR)/RignalApp.app/$(BUNDLE_EXECUTABLE_FOLDER_PATH)/RignalApp";
				TEST_TARGET_NAME = RignalApp;
			};
			name = Release;
		};
		AD1026EF1754D0D835ECB5D6 /* Release */ = {
			isa = XCBuildConfiguration;
			buildSettings = {
				ASSETCATALOG_COMPILER_APPICON_NAME = AppIcon;
				ASSETCATALOG_COMPILER_GLOBAL_ACCENT_COLOR_NAME = AccentColor;
				CODE_SIGN_IDENTITY = "iPhone Developer";
				ENABLE_PREVIEWS = YES;
				INFOPLIST_FILE = "Derived/InfoPlists/RignalApp-Info.plist";
				LD_RUNPATH_SEARCH_PATHS = (
					"$(inherited)",
					"@executable_path/Frameworks",
				);
				OTHER_LDFLAGS = (
					"$(inherited)",
					"-L$(DT_TOOLCHAIN_DIR)/usr/lib/swift/$(PLATFORM_NAME)",
				);
				PRODUCT_BUNDLE_IDENTIFIER = dev.tuist.RignalApp;
				PRODUCT_NAME = RignalApp;
				SDKROOT = iphoneos;
				SUPPORTS_MACCATALYST = NO;
				SUPPORTS_MAC_DESIGNED_FOR_IPHONE_IPAD = YES;
				SUPPORTS_XR_DESIGNED_FOR_IPHONE_IPAD = NO;
				SWIFT_COMPILATION_MODE = wholemodule;
				SWIFT_OPTIMIZATION_LEVEL = "-O";
				SWIFT_VERSION = 5;
				TARGETED_DEVICE_FAMILY = "1,2";
			};
			name = Release;
		};
		AF9998799A3840C619538C0D /* Debug */ = {
			isa = XCBuildConfiguration;
			buildSettings = {
				ALWAYS_SEARCH_USER_PATHS = NO;
				CLANG_ANALYZER_LOCALIZABILITY_NONLOCALIZED = YES;
				CLANG_ANALYZER_NONNULL = YES;
				CLANG_ANALYZER_NUMBER_OBJECT_CONVERSION = YES_AGGRESSIVE;
				CLANG_CXX_LANGUAGE_STANDARD = "gnu++14";
				CLANG_CXX_LIBRARY = "libc++";
				CLANG_ENABLE_MODULES = YES;
				CLANG_ENABLE_OBJC_ARC = YES;
				CLANG_ENABLE_OBJC_WEAK = YES;
				CLANG_WARN_BLOCK_CAPTURE_AUTORELEASING = YES;
				CLANG_WARN_BOOL_CONVERSION = YES;
				CLANG_WARN_COMMA = YES;
				CLANG_WARN_CONSTANT_CONVERSION = YES;
				CLANG_WARN_DEPRECATED_OBJC_IMPLEMENTATIONS = YES;
				CLANG_WARN_DIRECT_OBJC_ISA_USAGE = YES_ERROR;
				CLANG_WARN_DOCUMENTATION_COMMENTS = YES;
				CLANG_WARN_EMPTY_BODY = YES;
				CLANG_WARN_ENUM_CONVERSION = YES;
				CLANG_WARN_INFINITE_RECURSION = YES;
				CLANG_WARN_INT_CONVERSION = YES;
				CLANG_WARN_NON_LITERAL_NULL_CONVERSION = YES;
				CLANG_WARN_OBJC_IMPLICIT_RETAIN_SELF = YES;
				CLANG_WARN_OBJC_LITERAL_CONVERSION = YES;
				CLANG_WARN_OBJC_ROOT_CLASS = YES_ERROR;
				CLANG_WARN_QUOTED_INCLUDE_IN_FRAMEWORK_HEADER = YES;
				CLANG_WARN_RANGE_LOOP_ANALYSIS = YES;
				CLANG_WARN_STRICT_PROTOTYPES = YES;
				CLANG_WARN_SUSPICIOUS_MOVE = YES;
				CLANG_WARN_UNGUARDED_AVAILABILITY = YES_AGGRESSIVE;
				CLANG_WARN_UNREACHABLE_CODE = YES;
				CLANG_WARN__DUPLICATE_METHOD_MATCH = YES;
				COPY_PHASE_STRIP = NO;
				DEAD_CODE_STRIPPING = YES;
				DEBUG_INFORMATION_FORMAT = dwarf;
				ENABLE_STRICT_OBJC_MSGSEND = YES;
				ENABLE_TESTABILITY = YES;
				GCC_C_LANGUAGE_STANDARD = gnu11;
				GCC_DYNAMIC_NO_PIC = NO;
				GCC_NO_COMMON_BLOCKS = YES;
				GCC_OPTIMIZATION_LEVEL = 0;
				GCC_PREPROCESSOR_DEFINITIONS = (
					"DEBUG=1",
					"$(inherited)",
				);
				GCC_WARN_64_TO_32_BIT_CONVERSION = YES;
				GCC_WARN_ABOUT_RETURN_TYPE = YES_ERROR;
				GCC_WARN_UNDECLARED_SELECTOR = YES;
				GCC_WARN_UNINITIALIZED_AUTOS = YES_AGGRESSIVE;
				GCC_WARN_UNUSED_FUNCTION = YES;
				GCC_WARN_UNUSED_VARIABLE = YES;
				MTL_ENABLE_DEBUG_INFO = YES;
				ONLY_ACTIVE_ARCH = YES;
				PRODUCT_NAME = "$(TARGET_NAME)";
			};
			name = Debug;
		};
		B886BC50A1FF6B7763EEFC77 /* Debug */ = {
			isa = XCBuildConfiguration;
			buildSettings = {
				BUNDLE_LOADER = "$(TEST_HOST)";
				CODE_SIGN_IDENTITY = "iPhone Developer";
				INFOPLIST_FILE = "Derived/InfoPlists/RignalAppTests-Info.plist";
				LD_RUNPATH_SEARCH_PATHS = (
					"$(inherited)",
					"@executable_path/Frameworks",
					"@loader_path/Frameworks",
				);
				OTHER_LDFLAGS = (
					"$(inherited)",
					"-L$(DT_TOOLCHAIN_DIR)/usr/lib/swift/$(PLATFORM_NAME)",
				);
				PRODUCT_BUNDLE_IDENTIFIER = dev.tuist.RignalAppTests;
				PRODUCT_NAME = RignalAppTests;
				SDKROOT = iphoneos;
				SUPPORTS_MACCATALYST = NO;
				SUPPORTS_MAC_DESIGNED_FOR_IPHONE_IPAD = YES;
				SUPPORTS_XR_DESIGNED_FOR_IPHONE_IPAD = NO;
				SWIFT_ACTIVE_COMPILATION_CONDITIONS = (
					"$(inherited)",
					DEBUG,
				);
				SWIFT_COMPILATION_MODE = singlefile;
				SWIFT_OPTIMIZATION_LEVEL = "-Onone";
				SWIFT_VERSION = 5;
				TARGETED_DEVICE_FAMILY = "1,2";
				TEST_HOST = "$(BUILT_PRODUCTS_DIR)/RignalApp.app/$(BUNDLE_EXECUTABLE_FOLDER_PATH)/RignalApp";
				TEST_TARGET_NAME = RignalApp;
			};
			name = Debug;
		};
		FCB007DCC05BE2E85B2967EE /* Debug */ = {
			isa = XCBuildConfiguration;
			buildSettings = {
				ASSETCATALOG_COMPILER_APPICON_NAME = AppIcon;
				ASSETCATALOG_COMPILER_GLOBAL_ACCENT_COLOR_NAME = AccentColor;
				CODE_SIGN_IDENTITY = "iPhone Developer";
				ENABLE_PREVIEWS = YES;
				INFOPLIST_FILE = "Derived/InfoPlists/RignalApp-Info.plist";
				LD_RUNPATH_SEARCH_PATHS = (
					"$(inherited)",
					"@executable_path/Frameworks",
				);
				OTHER_LDFLAGS = (
					"$(inherited)",
					"-L$(DT_TOOLCHAIN_DIR)/usr/lib/swift/$(PLATFORM_NAME)",
				);
				PRODUCT_BUNDLE_IDENTIFIER = dev.tuist.RignalApp;
				PRODUCT_NAME = RignalApp;
				SDKROOT = iphoneos;
				SUPPORTS_MACCATALYST = NO;
				SUPPORTS_MAC_DESIGNED_FOR_IPHONE_IPAD = YES;
				SUPPORTS_XR_DESIGNED_FOR_IPHONE_IPAD = NO;
				SWIFT_ACTIVE_COMPILATION_CONDITIONS = (
					"$(inherited)",
					DEBUG,
				);
				SWIFT_COMPILATION_MODE = singlefile;
				SWIFT_OPTIMIZATION_LEVEL = "-Onone";
				SWIFT_VERSION = 5;
				TARGETED_DEVICE_FAMILY = "1,2";
			};
			name = Debug;
		};
/* End XCBuildConfiguration section */

/* Begin XCConfigurationList section */
		076A5A33F8BB59A105190515 /* Build configuration list for PBXNativeTarget "RignalApp" */ = {
			isa = XCConfigurationList;
			buildConfigurations = (
				FCB007DCC05BE2E85B2967EE /* Debug */,
				AD1026EF1754D0D835ECB5D6 /* Release */,
			);
			defaultConfigurationIsVisible = 0;
			defaultConfigurationName = Release;
		};
		1703D434B8461E41ACB589E9 /* Build configuration list for PBXProject "RignalApp" */ = {
			isa = XCConfigurationList;
			buildConfigurations = (
				AF9998799A3840C619538C0D /* Debug */,
				47DDED9B1EEEFE4B02239F82 /* Release */,
			);
			defaultConfigurationIsVisible = 0;
			defaultConfigurationName = Release;
		};
		61BD90D06C014F32C1606205 /* Build configuration list for PBXNativeTarget "RignalAppTests" */ = {
			isa = XCConfigurationList;
			buildConfigurations = (
				B886BC50A1FF6B7763EEFC77 /* Debug */,
				7E9001CFD2531E41187001A5 /* Release */,
			);
			defaultConfigurationIsVisible = 0;
			defaultConfigurationName = Release;
		};
/* End XCConfigurationList section */
	};
	rootObject = 0BB6A799BC392819F98516A3 /* Project object */;
}
